// !$*UTF8*$!
{
	archiveVersion = 1;
	classes = {
	};
	objectVersion = 55;
	objects = {

/* Begin PBXBuildFile section */
		C346A15627973BA300B77FAE /* AppDelegate.swift in Sources */ = {isa = PBXBuildFile; fileRef = C346A15527973BA300B77FAE /* AppDelegate.swift */; };
		C346A15827973BA300B77FAE /* SceneDelegate.swift in Sources */ = {isa = PBXBuildFile; fileRef = C346A15727973BA300B77FAE /* SceneDelegate.swift */; };
		C346A15A27973BA300B77FAE /* HomeViewController.swift in Sources */ = {isa = PBXBuildFile; fileRef = C346A15927973BA300B77FAE /* HomeViewController.swift */; };
		C346A15D27973BA300B77FAE /* Main.storyboard in Resources */ = {isa = PBXBuildFile; fileRef = C346A15B27973BA300B77FAE /* Main.storyboard */; };
		C346A15F27973BA600B77FAE /* Assets.xcassets in Resources */ = {isa = PBXBuildFile; fileRef = C346A15E27973BA600B77FAE /* Assets.xcassets */; };
		C346A16227973BA600B77FAE /* LaunchScreen.storyboard in Resources */ = {isa = PBXBuildFile; fileRef = C346A16027973BA600B77FAE /* LaunchScreen.storyboard */; };
		C346A1702797422200B77FAE /* TabBarViewController.swift in Sources */ = {isa = PBXBuildFile; fileRef = C346A16F2797422200B77FAE /* TabBarViewController.swift */; };
		C346A1722797427900B77FAE /* SearchViewController.swift in Sources */ = {isa = PBXBuildFile; fileRef = C346A1712797427900B77FAE /* SearchViewController.swift */; };
		C346A174279742A400B77FAE /* LibraryViewController.swift in Sources */ = {isa = PBXBuildFile; fileRef = C346A173279742A400B77FAE /* LibraryViewController.swift */; };
		C346A178279742E000B77FAE /* AuthViewController.swift in Sources */ = {isa = PBXBuildFile; fileRef = C346A177279742E000B77FAE /* AuthViewController.swift */; };
		C346A17A279742F700B77FAE /* WelcomeViewController.swift in Sources */ = {isa = PBXBuildFile; fileRef = C346A179279742F700B77FAE /* WelcomeViewController.swift */; };
		C346A17C2797430400B77FAE /* SettingViewController.swift in Sources */ = {isa = PBXBuildFile; fileRef = C346A17B2797430400B77FAE /* SettingViewController.swift */; };
		C346A17E2797430F00B77FAE /* ProfileViewController.swift in Sources */ = {isa = PBXBuildFile; fileRef = C346A17D2797430F00B77FAE /* ProfileViewController.swift */; };
		C346A1802797431900B77FAE /* PlayerViewController.swift in Sources */ = {isa = PBXBuildFile; fileRef = C346A17F2797431900B77FAE /* PlayerViewController.swift */; };
		C346A1822797432600B77FAE /* PlayListViewController.swift in Sources */ = {isa = PBXBuildFile; fileRef = C346A1812797432600B77FAE /* PlayListViewController.swift */; };
		C346A1842797433C00B77FAE /* SearchResultViewController.swift in Sources */ = {isa = PBXBuildFile; fileRef = C346A1832797433C00B77FAE /* SearchResultViewController.swift */; };
		C346A1862797435900B77FAE /* AuthManager.swift in Sources */ = {isa = PBXBuildFile; fileRef = C346A1852797435900B77FAE /* AuthManager.swift */; };
		C346A1882797436600B77FAE /* APICaller.swift in Sources */ = {isa = PBXBuildFile; fileRef = C346A1872797436600B77FAE /* APICaller.swift */; };
		C346A18A2797437B00B77FAE /* HapticsManager.swift in Sources */ = {isa = PBXBuildFile; fileRef = C346A1892797437B00B77FAE /* HapticsManager.swift */; };
		C346A18C2797439700B77FAE /* PlayList.swift in Sources */ = {isa = PBXBuildFile; fileRef = C346A18B2797439700B77FAE /* PlayList.swift */; };
		C346A18E279743A900B77FAE /* AudioTrack.swift in Sources */ = {isa = PBXBuildFile; fileRef = C346A18D279743A900B77FAE /* AudioTrack.swift */; };
		C346A190279743B900B77FAE /* Artist.swift in Sources */ = {isa = PBXBuildFile; fileRef = C346A18F279743B900B77FAE /* Artist.swift */; };
		C346A192279743CB00B77FAE /* UserProfile.swift in Sources */ = {isa = PBXBuildFile; fileRef = C346A191279743CB00B77FAE /* UserProfile.swift */; };
		C346A19427980C9D00B77FAE /* Extensions.swift in Sources */ = {isa = PBXBuildFile; fileRef = C346A19327980C9D00B77FAE /* Extensions.swift */; };
/* End PBXBuildFile section */

/* Begin PBXFileReference section */
		C346A15227973BA300B77FAE /* MusicApplication.app */ = {isa = PBXFileReference; explicitFileType = wrapper.application; includeInIndex = 0; path = MusicApplication.app; sourceTree = BUILT_PRODUCTS_DIR; };
		C346A15527973BA300B77FAE /* AppDelegate.swift */ = {isa = PBXFileReference; lastKnownFileType = sourcecode.swift; path = AppDelegate.swift; sourceTree = "<group>"; };
		C346A15727973BA300B77FAE /* SceneDelegate.swift */ = {isa = PBXFileReference; lastKnownFileType = sourcecode.swift; path = SceneDelegate.swift; sourceTree = "<group>"; };
		C346A15927973BA300B77FAE /* HomeViewController.swift */ = {isa = PBXFileReference; lastKnownFileType = sourcecode.swift; path = HomeViewController.swift; sourceTree = "<group>"; };
		C346A15C27973BA300B77FAE /* Base */ = {isa = PBXFileReference; lastKnownFileType = file.storyboard; name = Base; path = Base.lproj/Main.storyboard; sourceTree = "<group>"; };
		C346A15E27973BA600B77FAE /* Assets.xcassets */ = {isa = PBXFileReference; lastKnownFileType = folder.assetcatalog; path = Assets.xcassets; sourceTree = "<group>"; };
		C346A16127973BA600B77FAE /* Base */ = {isa = PBXFileReference; lastKnownFileType = file.storyboard; name = Base; path = Base.lproj/LaunchScreen.storyboard; sourceTree = "<group>"; };
		C346A16327973BA600B77FAE /* Info.plist */ = {isa = PBXFileReference; lastKnownFileType = text.plist.xml; path = Info.plist; sourceTree = "<group>"; };
		C346A16F2797422200B77FAE /* TabBarViewController.swift */ = {isa = PBXFileReference; lastKnownFileType = sourcecode.swift; path = TabBarViewController.swift; sourceTree = "<group>"; };
		C346A1712797427900B77FAE /* SearchViewController.swift */ = {isa = PBXFileReference; lastKnownFileType = sourcecode.swift; path = SearchViewController.swift; sourceTree = "<group>"; };
		C346A173279742A400B77FAE /* LibraryViewController.swift */ = {isa = PBXFileReference; lastKnownFileType = sourcecode.swift; path = LibraryViewController.swift; sourceTree = "<group>"; };
		C346A177279742E000B77FAE /* AuthViewController.swift */ = {isa = PBXFileReference; lastKnownFileType = sourcecode.swift; path = AuthViewController.swift; sourceTree = "<group>"; };
		C346A179279742F700B77FAE /* WelcomeViewController.swift */ = {isa = PBXFileReference; lastKnownFileType = sourcecode.swift; path = WelcomeViewController.swift; sourceTree = "<group>"; };
		C346A17B2797430400B77FAE /* SettingViewController.swift */ = {isa = PBXFileReference; lastKnownFileType = sourcecode.swift; path = SettingViewController.swift; sourceTree = "<group>"; };
		C346A17D2797430F00B77FAE /* ProfileViewController.swift */ = {isa = PBXFileReference; lastKnownFileType = sourcecode.swift; path = ProfileViewController.swift; sourceTree = "<group>"; };
		C346A17F2797431900B77FAE /* PlayerViewController.swift */ = {isa = PBXFileReference; lastKnownFileType = sourcecode.swift; path = PlayerViewController.swift; sourceTree = "<group>"; };
		C346A1812797432600B77FAE /* PlayListViewController.swift */ = {isa = PBXFileReference; lastKnownFileType = sourcecode.swift; path = PlayListViewController.swift; sourceTree = "<group>"; };
		C346A1832797433C00B77FAE /* SearchResultViewController.swift */ = {isa = PBXFileReference; lastKnownFileType = sourcecode.swift; path = SearchResultViewController.swift; sourceTree = "<group>"; };
		C346A1852797435900B77FAE /* AuthManager.swift */ = {isa = PBXFileReference; lastKnownFileType = sourcecode.swift; path = AuthManager.swift; sourceTree = "<group>"; };
		C346A1872797436600B77FAE /* APICaller.swift */ = {isa = PBXFileReference; lastKnownFileType = sourcecode.swift; path = APICaller.swift; sourceTree = "<group>"; };
		C346A1892797437B00B77FAE /* HapticsManager.swift */ = {isa = PBXFileReference; lastKnownFileType = sourcecode.swift; path = HapticsManager.swift; sourceTree = "<group>"; };
		C346A18B2797439700B77FAE /* PlayList.swift */ = {isa = PBXFileReference; lastKnownFileType = sourcecode.swift; path = PlayList.swift; sourceTree = "<group>"; };
		C346A18D279743A900B77FAE /* AudioTrack.swift */ = {isa = PBXFileReference; lastKnownFileType = sourcecode.swift; path = AudioTrack.swift; sourceTree = "<group>"; };
		C346A18F279743B900B77FAE /* Artist.swift */ = {isa = PBXFileReference; lastKnownFileType = sourcecode.swift; path = Artist.swift; sourceTree = "<group>"; };
		C346A191279743CB00B77FAE /* UserProfile.swift */ = {isa = PBXFileReference; lastKnownFileType = sourcecode.swift; path = UserProfile.swift; sourceTree = "<group>"; };
		C346A19327980C9D00B77FAE /* Extensions.swift */ = {isa = PBXFileReference; lastKnownFileType = sourcecode.swift; path = Extensions.swift; sourceTree = "<group>"; };
/* End PBXFileReference section */

/* Begin PBXFrameworksBuildPhase section */
		C346A14F27973BA300B77FAE /* Frameworks */ = {
			isa = PBXFrameworksBuildPhase;
			buildActionMask = 2147483647;
			files = (
			);
			runOnlyForDeploymentPostprocessing = 0;
		};
/* End PBXFrameworksBuildPhase section */

/* Begin PBXGroup section */
		C346A14927973BA300B77FAE = {
			isa = PBXGroup;
			children = (
				C346A15427973BA300B77FAE /* MusicApplication */,
				C346A15327973BA300B77FAE /* Products */,
			);
			sourceTree = "<group>";
		};
		C346A15327973BA300B77FAE /* Products */ = {
			isa = PBXGroup;
			children = (
				C346A15227973BA300B77FAE /* MusicApplication.app */,
			);
			name = Products;
			sourceTree = "<group>";
		};
		C346A15427973BA300B77FAE /* MusicApplication */ = {
			isa = PBXGroup;
			children = (
				C346A16C27973CA100B77FAE /* Resorces */,
				C346A16D27973D4700B77FAE /* Managers */,
				C346A16927973C7D00B77FAE /* Controlers */,
				C346A16A27973C8600B77FAE /* Models */,
				C346A16E27973D5B00B77FAE /* ViewModels */,
				C346A16B27973C8D00B77FAE /* Views */,
				C346A16327973BA600B77FAE /* Info.plist */,
			);
			path = MusicApplication;
			sourceTree = "<group>";
		};
		C346A16927973C7D00B77FAE /* Controlers */ = {
			isa = PBXGroup;
			children = (
				C346A176279742CA00B77FAE /* Other */,
				C346A175279742AC00B77FAE /* Core */,
			);
			path = Controlers;
			sourceTree = "<group>";
		};
		C346A16A27973C8600B77FAE /* Models */ = {
			isa = PBXGroup;
			children = (
				C346A18B2797439700B77FAE /* PlayList.swift */,
				C346A18D279743A900B77FAE /* AudioTrack.swift */,
				C346A18F279743B900B77FAE /* Artist.swift */,
				C346A191279743CB00B77FAE /* UserProfile.swift */,
			);
			path = Models;
			sourceTree = "<group>";
		};
		C346A16B27973C8D00B77FAE /* Views */ = {
			isa = PBXGroup;
			children = (
				C346A15B27973BA300B77FAE /* Main.storyboard */,
				C346A16027973BA600B77FAE /* LaunchScreen.storyboard */,
			);
			path = Views;
			sourceTree = "<group>";
		};
		C346A16C27973CA100B77FAE /* Resorces */ = {
			isa = PBXGroup;
			children = (
				C346A15E27973BA600B77FAE /* Assets.xcassets */,
				C346A15527973BA300B77FAE /* AppDelegate.swift */,
				C346A15727973BA300B77FAE /* SceneDelegate.swift */,
				C346A19327980C9D00B77FAE /* Extensions.swift */,
			);
			path = Resorces;
			sourceTree = "<group>";
		};
		C346A16D27973D4700B77FAE /* Managers */ = {
			isa = PBXGroup;
			children = (
				C346A1852797435900B77FAE /* AuthManager.swift */,
				C346A1872797436600B77FAE /* APICaller.swift */,
				C346A1892797437B00B77FAE /* HapticsManager.swift */,
			);
			path = Managers;
			sourceTree = "<group>";
		};
		C346A16E27973D5B00B77FAE /* ViewModels */ = {
			isa = PBXGroup;
			children = (
			);
			path = ViewModels;
			sourceTree = "<group>";
		};
		C346A175279742AC00B77FAE /* Core */ = {
			isa = PBXGroup;
			children = (
				C346A1712797427900B77FAE /* SearchViewController.swift */,
				C346A173279742A400B77FAE /* LibraryViewController.swift */,
				C346A16F2797422200B77FAE /* TabBarViewController.swift */,
				C346A15927973BA300B77FAE /* HomeViewController.swift */,
			);
			path = Core;
			sourceTree = "<group>";
		};
		C346A176279742CA00B77FAE /* Other */ = {
			isa = PBXGroup;
			children = (
				C346A177279742E000B77FAE /* AuthViewController.swift */,
				C346A179279742F700B77FAE /* WelcomeViewController.swift */,
				C346A17B2797430400B77FAE /* SettingViewController.swift */,
				C346A17D2797430F00B77FAE /* ProfileViewController.swift */,
				C346A17F2797431900B77FAE /* PlayerViewController.swift */,
				C346A1812797432600B77FAE /* PlayListViewController.swift */,
				C346A1832797433C00B77FAE /* SearchResultViewController.swift */,
			);
			path = Other;
			sourceTree = "<group>";
		};
/* End PBXGroup section */

/* Begin PBXNativeTarget section */
		C346A15127973BA300B77FAE /* MusicApplication */ = {
			isa = PBXNativeTarget;
			buildConfigurationList = C346A16627973BA600B77FAE /* Build configuration list for PBXNativeTarget "MusicApplication" */;
			buildPhases = (
				C346A14E27973BA300B77FAE /* Sources */,
				C346A14F27973BA300B77FAE /* Frameworks */,
				C346A15027973BA300B77FAE /* Resources */,
			);
			buildRules = (
			);
			dependencies = (
			);
			name = MusicApplication;
			productName = MusicApplication;
			productReference = C346A15227973BA300B77FAE /* MusicApplication.app */;
			productType = "com.apple.product-type.application";
		};
/* End PBXNativeTarget section */

/* Begin PBXProject section */
		C346A14A27973BA300B77FAE /* Project object */ = {
			isa = PBXProject;
			attributes = {
				BuildIndependentTargetsInParallel = 1;
				LastSwiftUpdateCheck = 1320;
				LastUpgradeCheck = 1320;
				TargetAttributes = {
					C346A15127973BA300B77FAE = {
						CreatedOnToolsVersion = 13.2.1;
					};
				};
			};
			buildConfigurationList = C346A14D27973BA300B77FAE /* Build configuration list for PBXProject "MusicApplication" */;
			compatibilityVersion = "Xcode 13.0";
			developmentRegion = en;
			hasScannedForEncodings = 0;
			knownRegions = (
				en,
				Base,
			);
			mainGroup = C346A14927973BA300B77FAE;
			productRefGroup = C346A15327973BA300B77FAE /* Products */;
			projectDirPath = "";
			projectRoot = "";
			targets = (
				C346A15127973BA300B77FAE /* MusicApplication */,
			);
		};
/* End PBXProject section */

/* Begin PBXResourcesBuildPhase section */
		C346A15027973BA300B77FAE /* Resources */ = {
			isa = PBXResourcesBuildPhase;
			buildActionMask = 2147483647;
			files = (
				C346A16227973BA600B77FAE /* LaunchScreen.storyboard in Resources */,
				C346A15F27973BA600B77FAE /* Assets.xcassets in Resources */,
				C346A15D27973BA300B77FAE /* Main.storyboard in Resources */,
			);
			runOnlyForDeploymentPostprocessing = 0;
		};
/* End PBXResourcesBuildPhase section */

/* Begin PBXSourcesBuildPhase section */
		C346A14E27973BA300B77FAE /* Sources */ = {
			isa = PBXSourcesBuildPhase;
			buildActionMask = 2147483647;
			files = (
				C346A1722797427900B77FAE /* SearchViewController.swift in Sources */,
				C346A1862797435900B77FAE /* AuthManager.swift in Sources */,
				C346A18A2797437B00B77FAE /* HapticsManager.swift in Sources */,
				C346A17A279742F700B77FAE /* WelcomeViewController.swift in Sources */,
				C346A17E2797430F00B77FAE /* ProfileViewController.swift in Sources */,
				C346A1702797422200B77FAE /* TabBarViewController.swift in Sources */,
				C346A15A27973BA300B77FAE /* HomeViewController.swift in Sources */,
				C346A178279742E000B77FAE /* AuthViewController.swift in Sources */,
				C346A18E279743A900B77FAE /* AudioTrack.swift in Sources */,
				C346A17C2797430400B77FAE /* SettingViewController.swift in Sources */,
				C346A18C2797439700B77FAE /* PlayList.swift in Sources */,
				C346A15627973BA300B77FAE /* AppDelegate.swift in Sources */,
				C346A192279743CB00B77FAE /* UserProfile.swift in Sources */,
				C346A19427980C9D00B77FAE /* Extensions.swift in Sources */,
				C346A1822797432600B77FAE /* PlayListViewController.swift in Sources */,
				C346A190279743B900B77FAE /* Artist.swift in Sources */,
				C346A174279742A400B77FAE /* LibraryViewController.swift in Sources */,
				C346A1802797431900B77FAE /* PlayerViewController.swift in Sources */,
				C346A1842797433C00B77FAE /* SearchResultViewController.swift in Sources */,
				C346A1882797436600B77FAE /* APICaller.swift in Sources */,
				C346A15827973BA300B77FAE /* SceneDelegate.swift in Sources */,
			);
			runOnlyForDeploymentPostprocessing = 0;
		};
/* End PBXSourcesBuildPhase section */

/* Begin PBXVariantGroup section */
		C346A15B27973BA300B77FAE /* Main.storyboard */ = {
			isa = PBXVariantGroup;
			children = (
				C346A15C27973BA300B77FAE /* Base */,
			);
			name = Main.storyboard;
			sourceTree = "<group>";
		};
		C346A16027973BA600B77FAE /* LaunchScreen.storyboard */ = {
			isa = PBXVariantGroup;
			children = (
				C346A16127973BA600B77FAE /* Base */,
			);
			name = LaunchScreen.storyboard;
			sourceTree = "<group>";
		};
/* End PBXVariantGroup section */

/* Begin XCBuildConfiguration section */
		C346A16427973BA600B77FAE /* Debug */ = {
			isa = XCBuildConfiguration;
			buildSettings = {
				ALWAYS_SEARCH_USER_PATHS = NO;
				CLANG_ANALYZER_NONNULL = YES;
				CLANG_ANALYZER_NUMBER_OBJECT_CONVERSION = YES_AGGRESSIVE;
				CLANG_CXX_LANGUAGE_STANDARD = "gnu++17";
				CLANG_CXX_LIBRARY = "libc++";
				CLANG_ENABLE_MODULES = YES;
				CLANG_ENABLE_OBJC_ARC = YES;
				CLANG_ENABLE_OBJC_WEAK = YES;
				CLANG_WARN_BLOCK_CAPTURE_AUTORELEASING = YES;
				CLANG_WARN_BOOL_CONVERSION = YES;
				CLANG_WARN_COMMA = YES;
				CLANG_WARN_CONSTANT_CONVERSION = YES;
				CLANG_WARN_DEPRECATED_OBJC_IMPLEMENTATIONS = YES;
				CLANG_WARN_DIRECT_OBJC_ISA_USAGE = YES_ERROR;
				CLANG_WARN_DOCUMENTATION_COMMENTS = YES;
				CLANG_WARN_EMPTY_BODY = YES;
				CLANG_WARN_ENUM_CONVERSION = YES;
				CLANG_WARN_INFINITE_RECURSION = YES;
				CLANG_WARN_INT_CONVERSION = YES;
				CLANG_WARN_NON_LITERAL_NULL_CONVERSION = YES;
				CLANG_WARN_OBJC_IMPLICIT_RETAIN_SELF = YES;
				CLANG_WARN_OBJC_LITERAL_CONVERSION = YES;
				CLANG_WARN_OBJC_ROOT_CLASS = YES_ERROR;
				CLANG_WARN_QUOTED_INCLUDE_IN_FRAMEWORK_HEADER = YES;
				CLANG_WARN_RANGE_LOOP_ANALYSIS = YES;
				CLANG_WARN_STRICT_PROTOTYPES = YES;
				CLANG_WARN_SUSPICIOUS_MOVE = YES;
				CLANG_WARN_UNGUARDED_AVAILABILITY = YES_AGGRESSIVE;
				CLANG_WARN_UNREACHABLE_CODE = YES;
				CLANG_WARN__DUPLICATE_METHOD_MATCH = YES;
				COPY_PHASE_STRIP = NO;
				DEBUG_INFORMATION_FORMAT = dwarf;
				ENABLE_STRICT_OBJC_MSGSEND = YES;
				ENABLE_TESTABILITY = YES;
				GCC_C_LANGUAGE_STANDARD = gnu11;
				GCC_DYNAMIC_NO_PIC = NO;
				GCC_NO_COMMON_BLOCKS = YES;
				GCC_OPTIMIZATION_LEVEL = 0;
				GCC_PREPROCESSOR_DEFINITIONS = (
					"DEBUG=1",
					"$(inherited)",
				);
				GCC_WARN_64_TO_32_BIT_CONVERSION = YES;
				GCC_WARN_ABOUT_RETURN_TYPE = YES_ERROR;
				GCC_WARN_UNDECLARED_SELECTOR = YES;
				GCC_WARN_UNINITIALIZED_AUTOS = YES_AGGRESSIVE;
				GCC_WARN_UNUSED_FUNCTION = YES;
				GCC_WARN_UNUSED_VARIABLE = YES;
				IPHONEOS_DEPLOYMENT_TARGET = 15.2;
				MTL_ENABLE_DEBUG_INFO = INCLUDE_SOURCE;
				MTL_FAST_MATH = YES;
				ONLY_ACTIVE_ARCH = YES;
				SDKROOT = iphoneos;
				SWIFT_ACTIVE_COMPILATION_CONDITIONS = DEBUG;
				SWIFT_OPTIMIZATION_LEVEL = "-Onone";
			};
			name = Debug;
		};
		C346A16527973BA600B77FAE /* Release */ = {
			isa = XCBuildConfiguration;
			buildSettings = {
				ALWAYS_SEARCH_USER_PATHS = NO;
				CLANG_ANALYZER_NONNULL = YES;
				CLANG_ANALYZER_NUMBER_OBJECT_CONVERSION = YES_AGGRESSIVE;
				CLANG_CXX_LANGUAGE_STANDARD = "gnu++17";
				CLANG_CXX_LIBRARY = "libc++";
				CLANG_ENABLE_MODULES = YES;
				CLANG_ENABLE_OBJC_ARC = YES;
				CLANG_ENABLE_OBJC_WEAK = YES;
				CLANG_WARN_BLOCK_CAPTURE_AUTORELEASING = YES;
				CLANG_WARN_BOOL_CONVERSION = YES;
				CLANG_WARN_COMMA = YES;
				CLANG_WARN_CONSTANT_CONVERSION = YES;
				CLANG_WARN_DEPRECATED_OBJC_IMPLEMENTATIONS = YES;
				CLANG_WARN_DIRECT_OBJC_ISA_USAGE = YES_ERROR;
				CLANG_WARN_DOCUMENTATION_COMMENTS = YES;
				CLANG_WARN_EMPTY_BODY = YES;
				CLANG_WARN_ENUM_CONVERSION = YES;
				CLANG_WARN_INFINITE_RECURSION = YES;
				CLANG_WARN_INT_CONVERSION = YES;
				CLANG_WARN_NON_LITERAL_NULL_CONVERSION = YES;
				CLANG_WARN_OBJC_IMPLICIT_RETAIN_SELF = YES;
				CLANG_WARN_OBJC_LITERAL_CONVERSION = YES;
				CLANG_WARN_OBJC_ROOT_CLASS = YES_ERROR;
				CLANG_WARN_QUOTED_INCLUDE_IN_FRAMEWORK_HEADER = YES;
				CLANG_WARN_RANGE_LOOP_ANALYSIS = YES;
				CLANG_WARN_STRICT_PROTOTYPES = YES;
				CLANG_WARN_SUSPICIOUS_MOVE = YES;
				CLANG_WARN_UNGUARDED_AVAILABILITY = YES_AGGRESSIVE;
				CLANG_WARN_UNREACHABLE_CODE = YES;
				CLANG_WARN__DUPLICATE_METHOD_MATCH = YES;
				COPY_PHASE_STRIP = NO;
				DEBUG_INFORMATION_FORMAT = "dwarf-with-dsym";
				ENABLE_NS_ASSERTIONS = NO;
				ENABLE_STRICT_OBJC_MSGSEND = YES;
				GCC_C_LANGUAGE_STANDARD = gnu11;
				GCC_NO_COMMON_BLOCKS = YES;
				GCC_WARN_64_TO_32_BIT_CONVERSION = YES;
				GCC_WARN_ABOUT_RETURN_TYPE = YES_ERROR;
				GCC_WARN_UNDECLARED_SELECTOR = YES;
				GCC_WARN_UNINITIALIZED_AUTOS = YES_AGGRESSIVE;
				GCC_WARN_UNUSED_FUNCTION = YES;
				GCC_WARN_UNUSED_VARIABLE = YES;
				IPHONEOS_DEPLOYMENT_TARGET = 15.2;
				MTL_ENABLE_DEBUG_INFO = NO;
				MTL_FAST_MATH = YES;
				SDKROOT = iphoneos;
				SWIFT_COMPILATION_MODE = wholemodule;
				SWIFT_OPTIMIZATION_LEVEL = "-O";
				VALIDATE_PRODUCT = YES;
			};
			name = Release;
		};
		C346A16727973BA600B77FAE /* Debug */ = {
			isa = XCBuildConfiguration;
			buildSettings = {
				ASSETCATALOG_COMPILER_APPICON_NAME = AppIcon;
				ASSETCATALOG_COMPILER_GLOBAL_ACCENT_COLOR_NAME = AccentColor;
				CODE_SIGN_STYLE = Automatic;
				CURRENT_PROJECT_VERSION = 1;
				DEVELOPMENT_TEAM = 9U2P84VZ5X;
				GENERATE_INFOPLIST_FILE = YES;
				INFOPLIST_FILE = MusicApplication/Info.plist;
				INFOPLIST_KEY_UIApplicationSupportsIndirectInputEvents = YES;
				INFOPLIST_KEY_UILaunchStoryboardName = LaunchScreen;
				INFOPLIST_KEY_UIMainStoryboardFile = Main;
				INFOPLIST_KEY_UISupportedInterfaceOrientations_iPad = "UIInterfaceOrientationPortrait UIInterfaceOrientationPortraitUpsideDown UIInterfaceOrientationLandscapeLeft UIInterfaceOrientationLandscapeRight";
				INFOPLIST_KEY_UISupportedInterfaceOrientations_iPhone = "UIInterfaceOrientationPortrait UIInterfaceOrientationLandscapeLeft UIInterfaceOrientationLandscapeRight";
				LD_RUNPATH_SEARCH_PATHS = (
					"$(inherited)",
					"@executable_path/Frameworks",
				);
				MARKETING_VERSION = 1.0;
				PRODUCT_BUNDLE_IDENTIFIER = "Coding-Dojo.MusicApplication";
				PRODUCT_NAME = "$(TARGET_NAME)";
				SWIFT_EMIT_LOC_STRINGS = YES;
				SWIFT_VERSION = 5.0;
				TARGETED_DEVICE_FAMILY = "1,2";
			};
			name = Debug;
		};
		C346A16827973BA600B77FAE /* Release */ = {
			isa = XCBuildConfiguration;
			buildSettings = {
				ASSETCATALOG_COMPILER_APPICON_NAME = AppIcon;
				ASSETCATALOG_COMPILER_GLOBAL_ACCENT_COLOR_NAME = AccentColor;
				CODE_SIGN_STYLE = Automatic;
				CURRENT_PROJECT_VERSION = 1;
				DEVELOPMENT_TEAM = 9U2P84VZ5X;
				GENERATE_INFOPLIST_FILE = YES;
				INFOPLIST_FILE = MusicApplication/Info.plist;
				INFOPLIST_KEY_UIApplicationSupportsIndirectInputEvents = YES;
				INFOPLIST_KEY_UILaunchStoryboardName = LaunchScreen;
				INFOPLIST_KEY_UIMainStoryboardFile = Main;
				INFOPLIST_KEY_UISupportedInterfaceOrientations_iPad = "UIInterfaceOrientationPortrait UIInterfaceOrientationPortraitUpsideDown UIInterfaceOrientationLandscapeLeft UIInterfaceOrientationLandscapeRight";
				INFOPLIST_KEY_UISupportedInterfaceOrientations_iPhone = "UIInterfaceOrientationPortrait UIInterfaceOrientationLandscapeLeft UIInterfaceOrientationLandscapeRight";
				LD_RUNPATH_SEARCH_PATHS = (
					"$(inherited)",
					"@executable_path/Frameworks",
				);
				MARKETING_VERSION = 1.0;
				PRODUCT_BUNDLE_IDENTIFIER = "Coding-Dojo.MusicApplication";
				PRODUCT_NAME = "$(TARGET_NAME)";
				SWIFT_EMIT_LOC_STRINGS = YES;
				SWIFT_VERSION = 5.0;
				TARGETED_DEVICE_FAMILY = "1,2";
			};
			name = Release;
		};
/* End XCBuildConfiguration section */

/* Begin XCConfigurationList section */
		C346A14D27973BA300B77FAE /* Build configuration list for PBXProject "MusicApplication" */ = {
			isa = XCConfigurationList;
			buildConfigurations = (
				C346A16427973BA600B77FAE /* Debug */,
				C346A16527973BA600B77FAE /* Release */,
			);
			defaultConfigurationIsVisible = 0;
			defaultConfigurationName = Release;
		};
		C346A16627973BA600B77FAE /* Build configuration list for PBXNativeTarget "MusicApplication" */ = {
			isa = XCConfigurationList;
			buildConfigurations = (
				C346A16727973BA600B77FAE /* Debug */,
				C346A16827973BA600B77FAE /* Release */,
			);
			defaultConfigurationIsVisible = 0;
			defaultConfigurationName = Release;
		};
/* End XCConfigurationList section */
	};
	rootObject = C346A14A27973BA300B77FAE /* Project object */;
}
